
Microsoft Visual Studio Solution File, Format Version 12.00
# Visual Studio 2012
Project("{FAE04EC0-301F-11D3-BF4B-00C04F79EFBC}") = "MetroScaler", "MetroScaler\MetroScaler.csproj", "{CBFE9E9E-6C35-4AF8-B91A-66605C6F18EB}"
EndProject
Global
	GlobalSection(SolutionConfigurationPlatforms) = preSolution
		Debug|Any CPU = Debug|Any CPU
		Release|Any CPU = Release|Any CPU
	EndGlobalSection
	GlobalSection(ProjectConfigurationPlatforms) = postSolution
		{CBFE9E9E-6C35-4AF8-B91A-66605C6F18EB}.Debug|Any CPU.ActiveCfg = Debug|Any CPU
		{CBFE9E9E-6C35-4AF8-B91A-66605C6F18EB}.Debug|Any CPU.Build.0 = Debug|Any CPU
		{CBFE9E9E-6C35-4AF8-B91A-66605C6F18EB}.Release|Any CPU.ActiveCfg = Release|Any CPU
		{CBFE9E9E-6C35-4AF8-B91A-66605C6F18EB}.Release|Any CPU.Build.0 = Release|Any CPU
	EndGlobalSection
	GlobalSection(SolutionProperties) = preSolution
		HideSolutionNode = FALSE
	EndGlobalSection
EndGlobal
